
Microsoft Visual Studio Solution File, Format Version 12.00
# Visual Studio Version 17
VisualStudioVersion = 17.8.34316.72
MinimumVisualStudioVersion = 10.0.40219.1
Project("{FAE04EC0-301F-11D3-BF4B-00C04F79EFBC}") = "BillBlacklist", "BillBlacklist\BillBlacklist.csproj", "{75EAFEF5-9BE1-408F-AD2A-D1B27BD58B9D}"
EndProject
Global
	GlobalSection(SolutionConfigurationPlatforms) = preSolution
		Debug|Any CPU = Debug|Any CPU
		Release|Any CPU = Release|Any CPU
	EndGlobalSection
	GlobalSection(ProjectConfigurationPlatforms) = postSolution
		{75EAFEF5-9BE1-408F-AD2A-D1B27BD58B9D}.Debug|Any CPU.ActiveCfg = Debug|Any CPU
		{75EAFEF5-9BE1-408F-AD2A-D1B27BD58B9D}.Debug|Any CPU.Build.0 = Debug|Any CPU
		{75EAFEF5-9BE1-408F-AD2A-D1B27BD58B9D}.Release|Any CPU.ActiveCfg = Release|Any CPU
		{75EAFEF5-9BE1-408F-AD2A-D1B27BD58B9D}.Release|Any CPU.Build.0 = Release|Any CPU
	EndGlobalSection
	GlobalSection(SolutionProperties) = preSolution
		HideSolutionNode = FALSE
	EndGlobalSection
	GlobalSection(ExtensibilityGlobals) = postSolution
		SolutionGuid = {F8A0771A-B4BD-4E55-B00F-079D9C2CC123}
	EndGlobalSection
EndGlobal
